{
  "pins" : [
    {
      "identity" : "designsystem",
      "kind" : "remoteSourceControl",
      "location" : "git@github.com:RazeeHJ/DesignSystem.git",
      "state" : {
        "branch" : "main",
        "revision" : "6ae55b33d34d33969d277ddb87e613004422dd9c"
      }
    }
  ],
  "version" : 2
}
